lockfileVersion: '9.0'

settings:
  autoInstallPeers: true
  excludeLinksFromLockfile: false

importers:

  .:
    dependencies:
      aws-cdk-lib:
        specifier: ^2.170.0
        version: 2.233.0(constructs@10.4.4)
      constructs:
        specifier: ^10.0.0
        version: 10.4.4
    devDependencies:
      '@types/node':
        specifier: ^20.0.0
        version: 20.19.27
      aws-cdk:
        specifier: ^2.170.0
        version: 2.1100.1
      typescript:
        specifier: ^5.0.0
        version: 5.9.3

packages:

  '@aws-cdk/asset-awscli-v1@2.2.242':
    resolution: {integrity: sha512-4c1bAy2ISzcdKXYS1k4HYZsNrgiwbiDzj36ybwFVxEWZXVAP0dimQTCaB9fxu7sWzEjw3d+eaw6Fon+QTfTIpQ==}

  '@aws-cdk/asset-node-proxy-agent-v6@2.1.0':
    resolution: {integrity: sha512-7bY3J8GCVxLupn/kNmpPc5VJz8grx+4RKfnnJiO1LG+uxkZfANZG3RMHhE+qQxxwkyQ9/MfPtTpf748UhR425A==}

  '@aws-cdk/cloud-assembly-schema@48.20.0':
    resolution: {integrity: sha512-+eeiav9LY4wbF/EFuCt/vfvi/Zoxo8bf94PW5clbMraChEliq83w4TbRVy0jB9jE0v1ooFTtIjSQkowSPkfISg==}
    engines: {node: '>= 18.0.0'}
    bundledDependencies:
      - jsonschema
      - semver

  '@types/node@20.19.27':
    resolution: {integrity: sha512-N2clP5pJhB2YnZJ3PIHFk5RkygRX5WO/5f0WC08tp0wd+sv0rsJk3MqWn3CbNmT2J505a5336jaQj4ph1AdMug==}

  aws-cdk-lib@2.233.0:
    resolution: {integrity: sha512-rBOzIA8TGC5eB8TyVIvckAVlX7a0/gVPE634FguhSee9RFaovjgc5+IixGyyLJhu3lLsMSjqDoqTJg2ab+p8ng==}
    engines: {node: '>= 18.0.0'}
    peerDependencies:
      constructs: ^10.0.0
    bundledDependencies:
      - '@balena/dockerignore'
      - case
      - fs-extra
      - ignore
      - jsonschema
      - minimatch
      - punycode
      - semver
      - table
      - yaml
      - mime-types

  aws-cdk@2.1100.1:
    resolution: {integrity: sha512-q2poFrQh90TK6eqeI0zznA8r1JkDI63WVOSqC7gFGo6qjQjAnvFk/utxHoNRgAC0RL0CLd19uCcHh3jfX9NiSg==}
    engines: {node: '>= 18.0.0'}
    hasBin: true

  constructs@10.4.4:
    resolution: {integrity: sha512-lP0qC1oViYf1cutHo9/KQ8QL637f/W29tDmv/6sy35F5zs+MD9f66nbAAIjicwc7fwyuF3rkg6PhZh4sfvWIpA==}

  fsevents@2.3.2:
    resolution: {integrity: sha512-xiqMQR4xAeHTuB9uWm+fFRcIOgKBMiOBP+eXiyT7jsgVCq1bkVygt00oASowB7EdtpOHaaPgKt812P9ab+DDKA==}
    engines: {node: ^8.16.0 || ^10.6.0 || >=11.0.0}
    os: [darwin]

  typescript@5.9.3:
    resolution: {integrity: sha512-jl1vZzPDinLr9eUt3J/t7V6FgNEw9QjvBPdysz9KfQDD41fQrC2Y4vKQdiaUpFT4bXlb1RHhLpp8wtm6M5TgSw==}
    engines: {node: '>=14.17'}
    hasBin: true

  undici-types@6.21.0:
    resolution: {integrity: sha512-iwDZqg0QAGrg9Rav5H4n0M64c3mkR59cJ6wQp+7C4nI0gsmExaedaYLNO44eT4AtBBwjbTiGPMlt2Md0T9H9JQ==}

snapshots:

  '@aws-cdk/asset-awscli-v1@2.2.242': {}

  '@aws-cdk/asset-node-proxy-agent-v6@2.1.0': {}

  '@aws-cdk/cloud-assembly-schema@48.20.0': {}

  '@types/node@20.19.27':
    dependencies:
      undici-types: 6.21.0

  aws-cdk-lib@2.233.0(constructs@10.4.4):
    dependencies:
      '@aws-cdk/asset-awscli-v1': 2.2.242
      '@aws-cdk/asset-node-proxy-agent-v6': 2.1.0
      '@aws-cdk/cloud-assembly-schema': 48.20.0
      constructs: 10.4.4

  aws-cdk@2.1100.1:
    optionalDependencies:
      fsevents: 2.3.2

  constructs@10.4.4: {}

  fsevents@2.3.2:
    optional: true

  typescript@5.9.3: {}

  undici-types@6.21.0: {}
